// !$*UTF8*$!
{
	archiveVersion = 1;
	classes = {
	};
	objectVersion = 56;
	objects = {

/* Begin PBXBuildFile section */
		5B6DB9922E27388D00D83B17 /* yavaleApp.swift in Sources */ = {isa = PBXBuildFile; fileRef = 5B6DB9912E27388D00D83B17 /* yavaleApp.swift */; };
		5B6DB9942E27388D00D83B17 /* ContentView.swift in Sources */ = {isa = PBXBuildFile; fileRef = 5B6DB9932E27388D00D83B17 /* ContentView.swift */; };
		5B6DB9962E27389200D83B17 /* Assets.xcassets in Resources */ = {isa = PBXBuildFile; fileRef = 5B6DB9952E27389200D83B17 /* Assets.xcassets */; };
		5B6DB9992E27389200D83B17 /* Preview Assets.xcassets in Resources */ = {isa = PBXBuildFile; fileRef = 5B6DB9982E27389200D83B17 /* Preview Assets.xcassets */; };
		5B6DB99B2E27389200D83B17 /* Persistence.swift in Sources */ = {isa = PBXBuildFile; fileRef = 5B6DB99A2E27389200D83B17 /* Persistence.swift */; };
		5B6DB99E2E27389200D83B17 /* yavale.xcdatamodeld in Sources */ = {isa = PBXBuildFile; fileRef = 5B6DB99C2E27389200D83B17 /* yavale.xcdatamodeld */; };
		5B6DB9A82E27389300D83B17 /* yavaleTests.swift in Sources */ = {isa = PBXBuildFile; fileRef = 5B6DB9A72E27389300D83B17 /* yavaleTests.swift */; };
		5B6DB9B22E27389300D83B17 /* yavaleUITests.swift in Sources */ = {isa = PBXBuildFile; fileRef = 5B6DB9B12E27389300D83B17 /* yavaleUITests.swift */; };
		5B6DB9B42E27389300D83B17 /* yavaleUITestsLaunchTests.swift in Sources */ = {isa = PBXBuildFile; fileRef = 5B6DB9B32E27389300D83B17 /* yavaleUITestsLaunchTests.swift */; };
/* End PBXBuildFile section */

/* Begin PBXContainerItemProxy section */
		5B6DB9A42E27389300D83B17 /* PBXContainerItemProxy */ = {
			isa = PBXContainerItemProxy;
			containerPortal = 5B6DB9862E27388C00D83B17 /* Project object */;
			proxyType = 1;
			remoteGlobalIDString = 5B6DB98D2E27388D00D83B17;
			remoteInfo = yavale;
		};
		5B6DB9AE2E27389300D83B17 /* PBXContainerItemProxy */ = {
			isa = PBXContainerItemProxy;
			containerPortal = 5B6DB9862E27388C00D83B17 /* Project object */;
			proxyType = 1;
			remoteGlobalIDString = 5B6DB98D2E27388D00D83B17;
			remoteInfo = yavale;
		};
/* End PBXContainerItemProxy section */

/* Begin PBXFileReference section */
		5B6DB98E2E27388D00D83B17 /* APP.app */ = {isa = PBXFileReference; explicitFileType = wrapper.application; includeInIndex = 0; path = APP.app; sourceTree = BUILT_PRODUCTS_DIR; };
		5B6DB9912E27388D00D83B17 /* yavaleApp.swift */ = {isa = PBXFileReference; lastKnownFileType = sourcecode.swift; path = yavaleApp.swift; sourceTree = "<group>"; };
		5B6DB9932E27388D00D83B17 /* ContentView.swift */ = {isa = PBXFileReference; lastKnownFileType = sourcecode.swift; path = ContentView.swift; sourceTree = "<group>"; };
		5B6DB9952E27389200D83B17 /* Assets.xcassets */ = {isa = PBXFileReference; lastKnownFileType = folder.assetcatalog; path = Assets.xcassets; sourceTree = "<group>"; };
		5B6DB9982E27389200D83B17 /* Preview Assets.xcassets */ = {isa = PBXFileReference; lastKnownFileType = folder.assetcatalog; path = "Preview Assets.xcassets"; sourceTree = "<group>"; };
		5B6DB99A2E27389200D83B17 /* Persistence.swift */ = {isa = PBXFileReference; lastKnownFileType = sourcecode.swift; path = Persistence.swift; sourceTree = "<group>"; };
		5B6DB99D2E27389200D83B17 /* yavale.xcdatamodel */ = {isa = PBXFileReference; lastKnownFileType = wrapper.xcdatamodel; path = yavale.xcdatamodel; sourceTree = "<group>"; };
		5B6DB9A32E27389300D83B17 /* APPTests.xctest */ = {isa = PBXFileReference; explicitFileType = wrapper.cfbundle; includeInIndex = 0; path = APPTests.xctest; sourceTree = BUILT_PRODUCTS_DIR; };
		5B6DB9A72E27389300D83B17 /* yavaleTests.swift */ = {isa = PBXFileReference; lastKnownFileType = sourcecode.swift; path = yavaleTests.swift; sourceTree = "<group>"; };
		5B6DB9AD2E27389300D83B17 /* APPUITests.xctest */ = {isa = PBXFileReference; explicitFileType = wrapper.cfbundle; includeInIndex = 0; path = APPUITests.xctest; sourceTree = BUILT_PRODUCTS_DIR; };
		5B6DB9B12E27389300D83B17 /* yavaleUITests.swift */ = {isa = PBXFileReference; lastKnownFileType = sourcecode.swift; path = yavaleUITests.swift; sourceTree = "<group>"; };
		5B6DB9B32E27389300D83B17 /* yavaleUITestsLaunchTests.swift */ = {isa = PBXFileReference; lastKnownFileType = sourcecode.swift; path = yavaleUITestsLaunchTests.swift; sourceTree = "<group>"; };
/* End PBXFileReference section */

/* Begin PBXFrameworksBuildPhase section */
		5B6DB98B2E27388D00D83B17 /* Frameworks */ = {
			isa = PBXFrameworksBuildPhase;
			buildActionMask = 2147483647;
			files = (
			);
			runOnlyForDeploymentPostprocessing = 0;
		};
		5B6DB9A02E27389300D83B17 /* Frameworks */ = {
			isa = PBXFrameworksBuildPhase;
			buildActionMask = 2147483647;
			files = (
			);
			runOnlyForDeploymentPostprocessing = 0;
		};
		5B6DB9AA2E27389300D83B17 /* Frameworks */ = {
			isa = PBXFrameworksBuildPhase;
			buildActionMask = 2147483647;
			files = (
			);
			runOnlyForDeploymentPostprocessing = 0;
		};
/* End PBXFrameworksBuildPhase section */

/* Begin PBXGroup section */
		5B6DB9852E27388C00D83B17 = {
			isa = PBXGroup;
			children = (
				5B6DB9902E27388D00D83B17 /* yavale */,
				5B6DB9A62E27389300D83B17 /* yavaleTests */,
				5B6DB9B02E27389300D83B17 /* yavaleUITests */,
				5B6DB98F2E27388D00D83B17 /* Products */,
			);
			sourceTree = "<group>";
		};
		5B6DB98F2E27388D00D83B17 /* Products */ = {
			isa = PBXGroup;
			children = (
				5B6DB98E2E27388D00D83B17 /* APP.app */,
				5B6DB9A32E27389300D83B17 /* APPTests.xctest */,
				5B6DB9AD2E27389300D83B17 /* APPUITests.xctest */,
			);
			name = Products;
			sourceTree = "<group>";
		};
		5B6DB9902E27388D00D83B17 /* yavale */ = {
			isa = PBXGroup;
			children = (
				5B6DB9912E27388D00D83B17 /* yavaleApp.swift */,
				5B6DB9932E27388D00D83B17 /* ContentView.swift */,
				5B6DB9952E27389200D83B17 /* Assets.xcassets */,
				5B6DB99A2E27389200D83B17 /* Persistence.swift */,
				5B6DB99C2E27389200D83B17 /* yavale.xcdatamodeld */,
				5B6DB9972E27389200D83B17 /* Preview Content */,
			);
			path = yavale;
			sourceTree = "<group>";
		};
		5B6DB9972E27389200D83B17 /* Preview Content */ = {
			isa = PBXGroup;
			children = (
				5B6DB9982E27389200D83B17 /* Preview Assets.xcassets */,
			);
			path = "Preview Content";
			sourceTree = "<group>";
		};
		5B6DB9A62E27389300D83B17 /* yavaleTests */ = {
			isa = PBXGroup;
			children = (
				5B6DB9A72E27389300D83B17 /* yavaleTests.swift */,
			);
			path = yavaleTests;
			sourceTree = "<group>";
		};
		5B6DB9B02E27389300D83B17 /* yavaleUITests */ = {
			isa = PBXGroup;
			children = (
				5B6DB9B12E27389300D83B17 /* yavaleUITests.swift */,
				5B6DB9B32E27389300D83B17 /* yavaleUITestsLaunchTests.swift */,
			);
			path = yavaleUITests;
			sourceTree = "<group>";
		};
/* End PBXGroup section */

/* Begin PBXNativeTarget section */
		5B6DB98D2E27388D00D83B17 /* APP */ = {
			isa = PBXNativeTarget;
			buildConfigurationList = 5B6DB9B72E27389300D83B17 /* Build configuration list for PBXNativeTarget "APP" */;
			buildPhases = (
				5B6DB98A2E27388D00D83B17 /* Sources */,
				5B6DB98B2E27388D00D83B17 /* Frameworks */,
				5B6DB98C2E27388D00D83B17 /* Resources */,
			);
			buildRules = (
			);
			dependencies = (
			);
			name = APP;
			productName = yavale;
			productReference = 5B6DB98E2E27388D00D83B17 /* APP.app */;
			productType = "com.apple.product-type.application";
		};
		5B6DB9A22E27389300D83B17 /* APPTests */ = {
			isa = PBXNativeTarget;
			buildConfigurationList = 5B6DB9BA2E27389300D83B17 /* Build configuration list for PBXNativeTarget "APPTests" */;
			buildPhases = (
				5B6DB99F2E27389300D83B17 /* Sources */,
				5B6DB9A02E27389300D83B17 /* Frameworks */,
				5B6DB9A12E27389300D83B17 /* Resources */,
			);
			buildRules = (
			);
			dependencies = (
				5B6DB9A52E27389300D83B17 /* PBXTargetDependency */,
			);
			name = APPTests;
			productName = yavaleTests;
			productReference = 5B6DB9A32E27389300D83B17 /* APPTests.xctest */;
			productType = "com.apple.product-type.bundle.unit-test";
		};
		5B6DB9AC2E27389300D83B17 /* APPUITests */ = {
			isa = PBXNativeTarget;
			buildConfigurationList = 5B6DB9BD2E27389300D83B17 /* Build configuration list for PBXNativeTarget "APPUITests" */;
			buildPhases = (
				5B6DB9A92E27389300D83B17 /* Sources */,
				5B6DB9AA2E27389300D83B17 /* Frameworks */,
				5B6DB9AB2E27389300D83B17 /* Resources */,
			);
			buildRules = (
			);
			dependencies = (
				5B6DB9AF2E27389300D83B17 /* PBXTargetDependency */,
			);
			name = APPUITests;
			productName = yavaleUITests;
			productReference = 5B6DB9AD2E27389300D83B17 /* APPUITests.xctest */;
			productType = "com.apple.product-type.bundle.ui-testing";
		};
/* End PBXNativeTarget section */

/* Begin PBXProject section */
		5B6DB9862E27388C00D83B17 /* Project object */ = {
			isa = PBXProject;
			attributes = {
				BuildIndependentTargetsInParallel = 1;
				LastSwiftUpdateCheck = 1420;
				LastUpgradeCheck = 1420;
				TargetAttributes = {
					5B6DB98D2E27388D00D83B17 = {
						CreatedOnToolsVersion = 14.2;
					};
					5B6DB9A22E27389300D83B17 = {
						CreatedOnToolsVersion = 14.2;
						TestTargetID = 5B6DB98D2E27388D00D83B17;
					};
					5B6DB9AC2E27389300D83B17 = {
						CreatedOnToolsVersion = 14.2;
						TestTargetID = 5B6DB98D2E27388D00D83B17;
					};
				};
			};
			buildConfigurationList = 5B6DB9892E27388C00D83B17 /* Build configuration list for PBXProject "APP" */;
			compatibilityVersion = "Xcode 14.0";
			developmentRegion = en;
			hasScannedForEncodings = 0;
			knownRegions = (
				en,
				Base,
			);
			mainGroup = 5B6DB9852E27388C00D83B17;
			productRefGroup = 5B6DB98F2E27388D00D83B17 /* Products */;
			projectDirPath = "";
			projectRoot = "";
			targets = (
				5B6DB98D2E27388D00D83B17 /* APP */,
				5B6DB9A22E27389300D83B17 /* APPTests */,
				5B6DB9AC2E27389300D83B17 /* APPUITests */,
			);
		};
/* End PBXProject section */

/* Begin PBXResourcesBuildPhase section */
		5B6DB98C2E27388D00D83B17 /* Resources */ = {
			isa = PBXResourcesBuildPhase;
			buildActionMask = 2147483647;
			files = (
				5B6DB9992E27389200D83B17 /* Preview Assets.xcassets in Resources */,
				5B6DB9962E27389200D83B17 /* Assets.xcassets in Resources */,
			);
			runOnlyForDeploymentPostprocessing = 0;
		};
		5B6DB9A12E27389300D83B17 /* Resources */ = {
			isa = PBXResourcesBuildPhase;
			buildActionMask = 2147483647;
			files = (
			);
			runOnlyForDeploymentPostprocessing = 0;
		};
		5B6DB9AB2E27389300D83B17 /* Resources */ = {
			isa = PBXResourcesBuildPhase;
			buildActionMask = 2147483647;
			files = (
			);
			runOnlyForDeploymentPostprocessing = 0;
		};
/* End PBXResourcesBuildPhase section */

/* Begin PBXSourcesBuildPhase section */
		5B6DB98A2E27388D00D83B17 /* Sources */ = {
			isa = PBXSourcesBuildPhase;
			buildActionMask = 2147483647;
			files = (
				5B6DB99B2E27389200D83B17 /* Persistence.swift in Sources */,
				5B6DB99E2E27389200D83B17 /* yavale.xcdatamodeld in Sources */,
				5B6DB9942E27388D00D83B17 /* ContentView.swift in Sources */,
				5B6DB9922E27388D00D83B17 /* yavaleApp.swift in Sources */,
			);
			runOnlyForDeploymentPostprocessing = 0;
		};
		5B6DB99F2E27389300D83B17 /* Sources */ = {
			isa = PBXSourcesBuildPhase;
			buildActionMask = 2147483647;
			files = (
				5B6DB9A82E27389300D83B17 /* yavaleTests.swift in Sources */,
			);
			runOnlyForDeploymentPostprocessing = 0;
		};
		5B6DB9A92E27389300D83B17 /* Sources */ = {
			isa = PBXSourcesBuildPhase;
			buildActionMask = 2147483647;
			files = (
				5B6DB9B42E27389300D83B17 /* yavaleUITestsLaunchTests.swift in Sources */,
				5B6DB9B22E27389300D83B17 /* yavaleUITests.swift in Sources */,
			);
			runOnlyForDeploymentPostprocessing = 0;
		};
/* End PBXSourcesBuildPhase section */

/* Begin PBXTargetDependency section */
		5B6DB9A52E27389300D83B17 /* PBXTargetDependency */ = {
			isa = PBXTargetDependency;
			target = 5B6DB98D2E27388D00D83B17 /* APP */;
			targetProxy = 5B6DB9A42E27389300D83B17 /* PBXContainerItemProxy */;
		};
		5B6DB9AF2E27389300D83B17 /* PBXTargetDependency */ = {
			isa = PBXTargetDependency;
			target = 5B6DB98D2E27388D00D83B17 /* APP */;
			targetProxy = 5B6DB9AE2E27389300D83B17 /* PBXContainerItemProxy */;
		};
/* End PBXTargetDependency section */

/* Begin XCBuildConfiguration section */
		5B6DB9B52E27389300D83B17 /* Debug */ = {
			isa = XCBuildConfiguration;
			buildSettings = {
				ALWAYS_SEARCH_USER_PATHS = NO;
				CLANG_ANALYZER_NONNULL = YES;
				CLANG_ANALYZER_NUMBER_OBJECT_CONVERSION = YES_AGGRESSIVE;
				CLANG_CXX_LANGUAGE_STANDARD = "gnu++20";
				CLANG_ENABLE_MODULES = YES;
				CLANG_ENABLE_OBJC_ARC = YES;
				CLANG_ENABLE_OBJC_WEAK = YES;
				CLANG_WARN_BLOCK_CAPTURE_AUTORELEASING = YES;
				CLANG_WARN_BOOL_CONVERSION = YES;
				CLANG_WARN_COMMA = YES;
				CLANG_WARN_CONSTANT_CONVERSION = YES;
				CLANG_WARN_DEPRECATED_OBJC_IMPLEMENTATIONS = YES;
				CLANG_WARN_DIRECT_OBJC_ISA_USAGE = YES_ERROR;
				CLANG_WARN_DOCUMENTATION_COMMENTS = YES;
				CLANG_WARN_EMPTY_BODY = YES;
				CLANG_WARN_ENUM_CONVERSION = YES;
				CLANG_WARN_INFINITE_RECURSION = YES;
				CLANG_WARN_INT_CONVERSION = YES;
				CLANG_WARN_NON_LITERAL_NULL_CONVERSION = YES;
				CLANG_WARN_OBJC_IMPLICIT_RETAIN_SELF = YES;
				CLANG_WARN_OBJC_LITERAL_CONVERSION = YES;
				CLANG_WARN_OBJC_ROOT_CLASS = YES_ERROR;
				CLANG_WARN_QUOTED_INCLUDE_IN_FRAMEWORK_HEADER = YES;
				CLANG_WARN_RANGE_LOOP_ANALYSIS = YES;
				CLANG_WARN_STRICT_PROTOTYPES = YES;
				CLANG_WARN_SUSPICIOUS_MOVE = YES;
				CLANG_WARN_UNGUARDED_AVAILABILITY = YES_AGGRESSIVE;
				CLANG_WARN_UNREACHABLE_CODE = YES;
				CLANG_WARN__DUPLICATE_METHOD_MATCH = YES;
				COPY_PHASE_STRIP = NO;
				DEBUG_INFORMATION_FORMAT = dwarf;
				ENABLE_STRICT_OBJC_MSGSEND = YES;
				ENABLE_TESTABILITY = YES;
				GCC_C_LANGUAGE_STANDARD = gnu11;
				GCC_DYNAMIC_NO_PIC = NO;
				GCC_NO_COMMON_BLOCKS = YES;
				GCC_OPTIMIZATION_LEVEL = 0;
				GCC_PREPROCESSOR_DEFINITIONS = (
					"DEBUG=1",
					"$(inherited)",
				);
				GCC_WARN_64_TO_32_BIT_CONVERSION = YES;
				GCC_WARN_ABOUT_RETURN_TYPE = YES_ERROR;
				GCC_WARN_UNDECLARED_SELECTOR = YES;
				GCC_WARN_UNINITIALIZED_AUTOS = YES_AGGRESSIVE;
				GCC_WARN_UNUSED_FUNCTION = YES;
				GCC_WARN_UNUSED_VARIABLE = YES;
				IPHONEOS_DEPLOYMENT_TARGET = 16.2;
				MTL_ENABLE_DEBUG_INFO = INCLUDE_SOURCE;
				MTL_FAST_MATH = YES;
				ONLY_ACTIVE_ARCH = YES;
				SDKROOT = iphoneos;
				SWIFT_ACTIVE_COMPILATION_CONDITIONS = DEBUG;
				SWIFT_OPTIMIZATION_LEVEL = "-Onone";
			};
			name = Debug;
		};
		5B6DB9B62E27389300D83B17 /* Release */ = {
			isa = XCBuildConfiguration;
			buildSettings = {
				ALWAYS_SEARCH_USER_PATHS = NO;
				CLANG_ANALYZER_NONNULL = YES;
				CLANG_ANALYZER_NUMBER_OBJECT_CONVERSION = YES_AGGRESSIVE;
				CLANG_CXX_LANGUAGE_STANDARD = "gnu++20";
				CLANG_ENABLE_MODULES = YES;
				CLANG_ENABLE_OBJC_ARC = YES;
				CLANG_ENABLE_OBJC_WEAK = YES;
				CLANG_WARN_BLOCK_CAPTURE_AUTORELEASING = YES;
				CLANG_WARN_BOOL_CONVERSION = YES;
				CLANG_WARN_COMMA = YES;
				CLANG_WARN_CONSTANT_CONVERSION = YES;
				CLANG_WARN_DEPRECATED_OBJC_IMPLEMENTATIONS = YES;
				CLANG_WARN_DIRECT_OBJC_ISA_USAGE = YES_ERROR;
				CLANG_WARN_DOCUMENTATION_COMMENTS = YES;
				CLANG_WARN_EMPTY_BODY = YES;
				CLANG_WARN_ENUM_CONVERSION = YES;
				CLANG_WARN_INFINITE_RECURSION = YES;
				CLANG_WARN_INT_CONVERSION = YES;
				CLANG_WARN_NON_LITERAL_NULL_CONVERSION = YES;
				CLANG_WARN_OBJC_IMPLICIT_RETAIN_SELF = YES;
				CLANG_WARN_OBJC_LITERAL_CONVERSION = YES;
				CLANG_WARN_OBJC_ROOT_CLASS = YES_ERROR;
				CLANG_WARN_QUOTED_INCLUDE_IN_FRAMEWORK_HEADER = YES;
				CLANG_WARN_RANGE_LOOP_ANALYSIS = YES;
				CLANG_WARN_STRICT_PROTOTYPES = YES;
				CLANG_WARN_SUSPICIOUS_MOVE = YES;
				CLANG_WARN_UNGUARDED_AVAILABILITY = YES_AGGRESSIVE;
				CLANG_WARN_UNREACHABLE_CODE = YES;
				CLANG_WARN__DUPLICATE_METHOD_MATCH = YES;
				COPY_PHASE_STRIP = NO;
				DEBUG_INFORMATION_FORMAT = "dwarf-with-dsym";
				ENABLE_NS_ASSERTIONS = NO;
				ENABLE_STRICT_OBJC_MSGSEND = YES;
				GCC_C_LANGUAGE_STANDARD = gnu11;
				GCC_NO_COMMON_BLOCKS = YES;
				GCC_WARN_64_TO_32_BIT_CONVERSION = YES;
				GCC_WARN_ABOUT_RETURN_TYPE = YES_ERROR;
				GCC_WARN_UNDECLARED_SELECTOR = YES;
				GCC_WARN_UNINITIALIZED_AUTOS = YES_AGGRESSIVE;
				GCC_WARN_UNUSED_FUNCTION = YES;
				GCC_WARN_UNUSED_VARIABLE = YES;
				IPHONEOS_DEPLOYMENT_TARGET = 16.2;
				MTL_ENABLE_DEBUG_INFO = NO;
				MTL_FAST_MATH = YES;
				SDKROOT = iphoneos;
				SWIFT_COMPILATION_MODE = wholemodule;
				SWIFT_OPTIMIZATION_LEVEL = "-O";
				VALIDATE_PRODUCT = YES;
			};
			name = Release;
		};
		5B6DB9B82E27389300D83B17 /* Debug */ = {
			isa = XCBuildConfiguration;
			buildSettings = {
				ASSETCATALOG_COMPILER_APPICON_NAME = AppIcon;
				ASSETCATALOG_COMPILER_GLOBAL_ACCENT_COLOR_NAME = AccentColor;
				CODE_SIGN_STYLE = Automatic;
				CURRENT_PROJECT_VERSION = 1;
				DEVELOPMENT_ASSET_PATHS = "\"yavale/Preview Content\"";
				DEVELOPMENT_TEAM = 2WULUBTL4D;
				ENABLE_PREVIEWS = YES;
				GENERATE_INFOPLIST_FILE = YES;
				INFOPLIST_KEY_UIApplicationSceneManifest_Generation = YES;
				INFOPLIST_KEY_UIApplicationSupportsIndirectInputEvents = YES;
				INFOPLIST_KEY_UILaunchScreen_Generation = YES;
				INFOPLIST_KEY_UISupportedInterfaceOrientations_iPad = "UIInterfaceOrientationPortrait UIInterfaceOrientationPortraitUpsideDown UIInterfaceOrientationLandscapeLeft UIInterfaceOrientationLandscapeRight";
				INFOPLIST_KEY_UISupportedInterfaceOrientations_iPhone = "UIInterfaceOrientationPortrait UIInterfaceOrientationLandscapeLeft UIInterfaceOrientationLandscapeRight";
				LD_RUNPATH_SEARCH_PATHS = (
					"$(inherited)",
					"@executable_path/Frameworks",
				);
				MARKETING_VERSION = 1.0;
				PRODUCT_BUNDLE_IDENTIFIER = montanaAI.tv.yavale;
				PRODUCT_NAME = "$(TARGET_NAME)";
				SWIFT_EMIT_LOC_STRINGS = YES;
				SWIFT_VERSION = 5.0;
				TARGETED_DEVICE_FAMILY = "1,2";
			};
			name = Debug;
		};
		5B6DB9B92E27389300D83B17 /* Release */ = {
			isa = XCBuildConfiguration;
			buildSettings = {
				ASSETCATALOG_COMPILER_APPICON_NAME = AppIcon;
				ASSETCATALOG_COMPILER_GLOBAL_ACCENT_COLOR_NAME = AccentColor;
				CODE_SIGN_STYLE = Automatic;
				CURRENT_PROJECT_VERSION = 1;
				DEVELOPMENT_ASSET_PATHS = "\"yavale/Preview Content\"";
				DEVELOPMENT_TEAM = 2WULUBTL4D;
				ENABLE_PREVIEWS = YES;
				GENERATE_INFOPLIST_FILE = YES;
				INFOPLIST_KEY_UIApplicationSceneManifest_Generation = YES;
				INFOPLIST_KEY_UIApplicationSupportsIndirectInputEvents = YES;
				INFOPLIST_KEY_UILaunchScreen_Generation = YES;
				INFOPLIST_KEY_UISupportedInterfaceOrientations_iPad = "UIInterfaceOrientationPortrait UIInterfaceOrientationPortraitUpsideDown UIInterfaceOrientationLandscapeLeft UIInterfaceOrientationLandscapeRight";
				INFOPLIST_KEY_UISupportedInterfaceOrientations_iPhone = "UIInterfaceOrientationPortrait UIInterfaceOrientationLandscapeLeft UIInterfaceOrientationLandscapeRight";
				LD_RUNPATH_SEARCH_PATHS = (
					"$(inherited)",
					"@executable_path/Frameworks",
				);
				MARKETING_VERSION = 1.0;
				PRODUCT_BUNDLE_IDENTIFIER = montanaAI.tv.yavale;
				PRODUCT_NAME = "$(TARGET_NAME)";
				SWIFT_EMIT_LOC_STRINGS = YES;
				SWIFT_VERSION = 5.0;
				TARGETED_DEVICE_FAMILY = "1,2";
			};
			name = Release;
		};
		5B6DB9BB2E27389300D83B17 /* Debug */ = {
			isa = XCBuildConfiguration;
			buildSettings = {
				ALWAYS_EMBED_SWIFT_STANDARD_LIBRARIES = YES;
				BUNDLE_LOADER = "$(TEST_HOST)";
				CODE_SIGN_STYLE = Automatic;
				CURRENT_PROJECT_VERSION = 1;
				DEVELOPMENT_TEAM = 2WULUBTL4D;
				GENERATE_INFOPLIST_FILE = YES;
				IPHONEOS_DEPLOYMENT_TARGET = 16.2;
				MARKETING_VERSION = 1.0;
				PRODUCT_BUNDLE_IDENTIFIER = montanaAI.tv.yavaleTests;
				PRODUCT_NAME = "$(TARGET_NAME)";
				SWIFT_EMIT_LOC_STRINGS = NO;
				SWIFT_VERSION = 5.0;
				TARGETED_DEVICE_FAMILY = "1,2";
				TEST_HOST = "$(BUILT_PRODUCTS_DIR)/APP.app/$(BUNDLE_EXECUTABLE_FOLDER_PATH)/APP";
			};
			name = Debug;
		};
		5B6DB9BC2E27389300D83B17 /* Release */ = {
			isa = XCBuildConfiguration;
			buildSettings = {
				ALWAYS_EMBED_SWIFT_STANDARD_LIBRARIES = YES;
				BUNDLE_LOADER = "$(TEST_HOST)";
				CODE_SIGN_STYLE = Automatic;
				CURRENT_PROJECT_VERSION = 1;
				DEVELOPMENT_TEAM = 2WULUBTL4D;
				GENERATE_INFOPLIST_FILE = YES;
				IPHONEOS_DEPLOYMENT_TARGET = 16.2;
				MARKETING_VERSION = 1.0;
				PRODUCT_BUNDLE_IDENTIFIER = montanaAI.tv.yavaleTests;
				PRODUCT_NAME = "$(TARGET_NAME)";
				SWIFT_EMIT_LOC_STRINGS = NO;
				SWIFT_VERSION = 5.0;
				TARGETED_DEVICE_FAMILY = "1,2";
				TEST_HOST = "$(BUILT_PRODUCTS_DIR)/APP.app/$(BUNDLE_EXECUTABLE_FOLDER_PATH)/APP";
			};
			name = Release;
		};
		5B6DB9BE2E27389300D83B17 /* Debug */ = {
			isa = XCBuildConfiguration;
			buildSettings = {
				ALWAYS_EMBED_SWIFT_STANDARD_LIBRARIES = YES;
				CODE_SIGN_STYLE = Automatic;
				CURRENT_PROJECT_VERSION = 1;
				DEVELOPMENT_TEAM = 2WULUBTL4D;
				GENERATE_INFOPLIST_FILE = YES;
				MARKETING_VERSION = 1.0;
				PRODUCT_BUNDLE_IDENTIFIER = montanaAI.tv.yavaleUITests;
				PRODUCT_NAME = "$(TARGET_NAME)";
				SWIFT_EMIT_LOC_STRINGS = NO;
				SWIFT_VERSION = 5.0;
				TARGETED_DEVICE_FAMILY = "1,2";
				TEST_TARGET_NAME = yavale;
			};
			name = Debug;
		};
		5B6DB9BF2E27389300D83B17 /* Release */ = {
			isa = XCBuildConfiguration;
			buildSettings = {
				ALWAYS_EMBED_SWIFT_STANDARD_LIBRARIES = YES;
				CODE_SIGN_STYLE = Automatic;
				CURRENT_PROJECT_VERSION = 1;
				DEVELOPMENT_TEAM = 2WULUBTL4D;
				GENERATE_INFOPLIST_FILE = YES;
				MARKETING_VERSION = 1.0;
				PRODUCT_BUNDLE_IDENTIFIER = montanaAI.tv.yavaleUITests;
				PRODUCT_NAME = "$(TARGET_NAME)";
				SWIFT_EMIT_LOC_STRINGS = NO;
				SWIFT_VERSION = 5.0;
				TARGETED_DEVICE_FAMILY = "1,2";
				TEST_TARGET_NAME = yavale;
			};
			name = Release;
		};
/* End XCBuildConfiguration section */

/* Begin XCConfigurationList section */
		5B6DB9892E27388C00D83B17 /* Build configuration list for PBXProject "APP" */ = {
			isa = XCConfigurationList;
			buildConfigurations = (
				5B6DB9B52E27389300D83B17 /* Debug */,
				5B6DB9B62E27389300D83B17 /* Release */,
			);
			defaultConfigurationIsVisible = 0;
			defaultConfigurationName = Release;
		};
		5B6DB9B72E27389300D83B17 /* Build configuration list for PBXNativeTarget "APP" */ = {
			isa = XCConfigurationList;
			buildConfigurations = (
				5B6DB9B82E27389300D83B17 /* Debug */,
				5B6DB9B92E27389300D83B17 /* Release */,
			);
			defaultConfigurationIsVisible = 0;
			defaultConfigurationName = Release;
		};
		5B6DB9BA2E27389300D83B17 /* Build configuration list for PBXNativeTarget "APPTests" */ = {
			isa = XCConfigurationList;
			buildConfigurations = (
				5B6DB9BB2E27389300D83B17 /* Debug */,
				5B6DB9BC2E27389300D83B17 /* Release */,
			);
			defaultConfigurationIsVisible = 0;
			defaultConfigurationName = Release;
		};
		5B6DB9BD2E27389300D83B17 /* Build configuration list for PBXNativeTarget "APPUITests" */ = {
			isa = XCConfigurationList;
			buildConfigurations = (
				5B6DB9BE2E27389300D83B17 /* Debug */,
				5B6DB9BF2E27389300D83B17 /* Release */,
			);
			defaultConfigurationIsVisible = 0;
			defaultConfigurationName = Release;
		};
/* End XCConfigurationList section */

/* Begin XCVersionGroup section */
		5B6DB99C2E27389200D83B17 /* yavale.xcdatamodeld */ = {
			isa = XCVersionGroup;
			children = (
				5B6DB99D2E27389200D83B17 /* yavale.xcdatamodel */,
			);
			currentVersion = 5B6DB99D2E27389200D83B17 /* yavale.xcdatamodel */;
			path = yavale.xcdatamodeld;
			sourceTree = "<group>";
			versionGroupType = wrapper.xcdatamodel;
		};
/* End XCVersionGroup section */
	};
	rootObject = 5B6DB9862E27388C00D83B17 /* Project object */;
}
