<?xml version="1.0" encoding="UTF-8"?>
<Scheme
   LastUpgradeVersion="1530"
   version="1.7">
   <BuildAction
      parallelizeBuildables="YES"
      buildImplicitDependencies="YES">
      <BuildActionEntries>
         <BuildActionEntry
            buildForTesting="YES"
            buildForRunning="YES"
            buildForProfiling="YES"
            buildForArchiving="YES"
            buildForAnalyzing="YES">
            <BuildableReference
               BuildableIdentifier="primary"
               BlueprintIdentifier="5B6DB98D2E27388D00D83B17"
               BuildableName="APP.app"
               BlueprintName="APP"
               ReferencedContainer="container:APP.xcodeproj">
            </BuildableReference>
         </BuildActionEntry>
      </BuildActionEntries>
   </BuildAction>
   <TestAction
      buildConfiguration="Debug"
      selectedDebuggerIdentifier="Xcode.DebuggerFoundation.Debugger.LLDB"
      selectedLauncherIdentifier="Xcode.DebuggerFoundation.Launcher.LLDB"
      shouldUseLaunchSchemeArgsEnv="YES"
      codeCoverageEnabled="YES">
      <Testables>
         <TestableReference
            skipped="NO">
            <BuildableReference
               BuildableIdentifier="primary"
               BlueprintIdentifier="5B6DB9A22E27389300D83B17"
               BuildableName="APPTests.xctest"
               BlueprintName="APPTests"
               ReferencedContainer="container:APP.xcodeproj">
            </BuildableReference>
         </TestableReference>
         <TestableReference
            skipped="NO">
            <BuildableReference
               BuildableIdentifier="primary"
               BlueprintIdentifier="5B6DB9AC2E27389300D83B17"
               BuildableName="APPUITests.xctest"
               BlueprintName="APPUITests"
               ReferencedContainer="container:APP.xcodeproj">
            </BuildableReference>
         </TestableReference>
      </Testables>
      <MacroExpansion>
         <BuildableReference
            BuildableIdentifier="primary"
            BlueprintIdentifier="5B6DB98D2E27388D00D83B17"
            BuildableName="APP.app"
            BlueprintName="APP"
            ReferencedContainer="container:APP.xcodeproj">
         </BuildableReference>
      </MacroExpansion>
   </TestAction>
   <LaunchAction
      buildConfiguration="Debug"
      selectedDebuggerIdentifier="Xcode.DebuggerFoundation.Debugger.LLDB"
      selectedLauncherIdentifier="Xcode.DebuggerFoundation.Launcher.LLDB"
      launchStyle="0"
      useCustomWorkingDirectory="NO"
      ignoresPersistentStateOnLaunch="NO"
      debugDocumentVersioning="YES"
      debugServiceExtension="internal"
      allowLocationSimulation="YES">
      <BuildableProductRunnable
         runnableDebuggingMode="0">
         <BuildableReference
            BuildableIdentifier="primary"
            BlueprintIdentifier="5B6DB98D2E27388D00D83B17"
            BuildableName="APP.app"
            BlueprintName="APP"
            ReferencedContainer="container:APP.xcodeproj">
         </BuildableReference>
      </BuildableProductRunnable>
   </LaunchAction>
   <ProfileAction
      buildConfiguration="Release"
      shouldUseLaunchSchemeArgsEnv="YES"
      savedToolIdentifier=""
      useCustomWorkingDirectory="NO"
      debugDocumentVersioning="YES">
      <BuildableProductRunnable
         runnableDebuggingMode="0">
         <BuildableReference
            BuildableIdentifier="primary"
            BlueprintIdentifier="5B6DB98D2E27388D00D83B17"
            BuildableName="APP.app"
            BlueprintName="APP"
            ReferencedContainer="container:APP.xcodeproj">
         </BuildableReference>
      </BuildableProductRunnable>
   </ProfileAction>
   <AnalyzeAction
      buildConfiguration="Debug">
   </AnalyzeAction>
   <ArchiveAction
      buildConfiguration="Release"
      revealArchiveInOrganizer="YES">
   </ArchiveAction>
</Scheme>
